
Microsoft Visual Studio Solution File, Format Version 12.00
# Visual Studio Version 17
VisualStudioVersion = 17.5.002.0
MinimumVisualStudioVersion = 10.0.40219.1
Project("{9A19103F-16F7-4668-BE54-9A1E7A4F7556}") = "EFDemo00", "EFDemo00\EFDemo00.csproj", "{C40671AD-EA1F-4CBB-AE98-A00FC47AA558}"
EndProject
Global
	GlobalSection(SolutionConfigurationPlatforms) = preSolution
		Debug|Any CPU = Debug|Any CPU
		Release|Any CPU = Release|Any CPU
	EndGlobalSection
	GlobalSection(ProjectConfigurationPlatforms) = postSolution
		{C40671AD-EA1F-4CBB-AE98-A00FC47AA558}.Debug|Any CPU.ActiveCfg = Debug|Any CPU
		{C40671AD-EA1F-4CBB-AE98-A00FC47AA558}.Debug|Any CPU.Build.0 = Debug|Any CPU
		{C40671AD-EA1F-4CBB-AE98-A00FC47AA558}.Release|Any CPU.ActiveCfg = Release|Any CPU
		{C40671AD-EA1F-4CBB-AE98-A00FC47AA558}.Release|Any CPU.Build.0 = Release|Any CPU
	EndGlobalSection
	GlobalSection(SolutionProperties) = preSolution
		HideSolutionNode = FALSE
	EndGlobalSection
	GlobalSection(ExtensibilityGlobals) = postSolution
		SolutionGuid = {2DAEE424-28CA-49C7-8118-255E2F0311FE}
	EndGlobalSection
EndGlobal
